
Microsoft Visual Studio Solution File, Format Version 12.00
# Visual Studio Version 16
VisualStudioVersion = 16.0.31410.357
MinimumVisualStudioVersion = 10.0.40219.1
Project("{FAE04EC0-301F-11D3-BF4B-00C04F79EFBC}") = "Spicyo", "Spicyo\Spicyo.csproj", "{61232CE0-8AE0-45B3-9A79-0B28E17D71F4}"
EndProject
Global
	GlobalSection(SolutionConfigurationPlatforms) = preSolution
		Debug|Any CPU = Debug|Any CPU
		Release|Any CPU = Release|Any CPU
	EndGlobalSection
	GlobalSection(ProjectConfigurationPlatforms) = postSolution
		{61232CE0-8AE0-45B3-9A79-0B28E17D71F4}.Debug|Any CPU.ActiveCfg = Debug|Any CPU
		{61232CE0-8AE0-45B3-9A79-0B28E17D71F4}.Debug|Any CPU.Build.0 = Debug|Any CPU
		{61232CE0-8AE0-45B3-9A79-0B28E17D71F4}.Release|Any CPU.ActiveCfg = Release|Any CPU
		{61232CE0-8AE0-45B3-9A79-0B28E17D71F4}.Release|Any CPU.Build.0 = Release|Any CPU
	EndGlobalSection
	GlobalSection(SolutionProperties) = preSolution
		HideSolutionNode = FALSE
	EndGlobalSection
	GlobalSection(ExtensibilityGlobals) = postSolution
		SolutionGuid = {46B3E6A3-7AD5-4C6A-9E25-BB9A3E512B64}
	EndGlobalSection
EndGlobal
